
Microsoft Visual Studio Solution File, Format Version 12.00
# Visual Studio 15
VisualStudioVersion = 15.0.27428.2043
MinimumVisualStudioVersion = 10.0.40219.1
Project("{9A19103F-16F7-4668-BE54-9A1E7A4F7556}") = "D7.ModeledKnowledge.Infrastructure.ConsoleApp", "D7.ModeledKnowledge.Infrastructure.ConsoleApp\D7.ModeledKnowledge.Infrastructure.ConsoleApp.csproj", "{E5714EC5-E843-4A1D-9A4C-A2E11F18405A}"
EndProject
Project("{2150E333-8FDC-42A3-9474-1A3956D46DE8}") = "Library", "Library", "{FD051EEA-32B7-4DC3-81BD-B53F283BB1D4}"
EndProject
Project("{9A19103F-16F7-4668-BE54-9A1E7A4F7556}") = "D7.ModeledKnowledge.Infrastructure.Formula", "Library\D7.ModeledKnowledge.Infrastructure.Formula\D7.ModeledKnowledge.Infrastructure.Formula.csproj", "{BD7CC9F5-C493-4AD4-A849-66F143D9BC6E}"
EndProject
Global
	GlobalSection(SolutionConfigurationPlatforms) = preSolution
		Debug|Any CPU = Debug|Any CPU
		Release|Any CPU = Release|Any CPU
	EndGlobalSection
	GlobalSection(ProjectConfigurationPlatforms) = postSolution
		{E5714EC5-E843-4A1D-9A4C-A2E11F18405A}.Debug|Any CPU.ActiveCfg = Debug|Any CPU
		{E5714EC5-E843-4A1D-9A4C-A2E11F18405A}.Debug|Any CPU.Build.0 = Debug|Any CPU
		{E5714EC5-E843-4A1D-9A4C-A2E11F18405A}.Release|Any CPU.ActiveCfg = Release|Any CPU
		{E5714EC5-E843-4A1D-9A4C-A2E11F18405A}.Release|Any CPU.Build.0 = Release|Any CPU
		{BD7CC9F5-C493-4AD4-A849-66F143D9BC6E}.Debug|Any CPU.ActiveCfg = Debug|Any CPU
		{BD7CC9F5-C493-4AD4-A849-66F143D9BC6E}.Debug|Any CPU.Build.0 = Debug|Any CPU
		{BD7CC9F5-C493-4AD4-A849-66F143D9BC6E}.Release|Any CPU.ActiveCfg = Release|Any CPU
		{BD7CC9F5-C493-4AD4-A849-66F143D9BC6E}.Release|Any CPU.Build.0 = Release|Any CPU
	EndGlobalSection
	GlobalSection(SolutionProperties) = preSolution
		HideSolutionNode = FALSE
	EndGlobalSection
	GlobalSection(NestedProjects) = preSolution
		{BD7CC9F5-C493-4AD4-A849-66F143D9BC6E} = {FD051EEA-32B7-4DC3-81BD-B53F283BB1D4}
	EndGlobalSection
	GlobalSection(ExtensibilityGlobals) = postSolution
		SolutionGuid = {D1E40636-DB98-4B0F-9E43-A71DFDB4844D}
	EndGlobalSection
EndGlobal
